<?xml version="1.0" encoding="utf-8"?>
<Project ToolsVersion="4.0" xmlns="http://schemas.microsoft.com/developer/msbuild/2003">
  <ItemGroup>
    <Filter Include="Submodules">
      <UniqueIdentifier>{2820FA03-14D8-3B51-7DDF-14AD69B6D641}</UniqueIdentifier>
    </Filter>
    <Filter Include="Submodules\GLAD">
      <UniqueIdentifier>{AF331796-1BBF-845A-24D0-074F90DAE05A}</UniqueIdentifier>
    </Filter>
    <Filter Include="Submodules\GLAD\src">
      <UniqueIdentifier>{4631F370-B292-D07E-3B00-1731A760073E}</UniqueIdentifier>
    </Filter>
    <Filter Include="Submodules\stb_image">
      <UniqueIdentifier>{C22259AE-AEB1-E277-57D0-F672433EF31D}</UniqueIdentifier>
    </Filter>
    <Filter Include="src">
      <UniqueIdentifier>{2DAB880B-99B4-887C-2230-9F7C8E38947C}</UniqueIdentifier>
    </Filter>
  </ItemGroup>
  <ItemGroup>
    <ClInclude Include="..\Submodules\stb_image\stb_image.h">
      <Filter>Submodules\stb_image</Filter>
    </ClInclude>
    <ClInclude Include="src\FileSystem.h">
      <Filter>src</Filter>
    </ClInclude>
    <ClInclude Include="src\Shader.h">
      <Filter>src</Filter>
    </ClInclude>
    <ClInclude Include="src\Texture.h" />
  </ItemGroup>
  <ItemGroup>
    <ClCompile Include="..\Submodules\GLAD\src\glad.c">
      <Filter>Submodules\GLAD\src</Filter>
    </ClCompile>
    <ClCompile Include="src\Shader.cpp">
      <Filter>src</Filter>
    </ClCompile>
    <ClCompile Include="src\Source.cpp">
      <Filter>src</Filter>
    </ClCompile>
    <ClCompile Include="src\Texture.cpp" />
    <ClCompile Include="src\FileSystem.cpp" />
  </ItemGroup>
  <ItemGroup>
    <Image Include="src\Resources\pepe.png" />
  </ItemGroup>
  <ItemGroup>
    <None Include="src\Shaders\FragmentShader.glsl" />
    <None Include="src\Shaders\VertexShader.glsl" />
  </ItemGroup>
</Project>