<?xml version="1.0" encoding="utf-8"?>
<Project ToolsVersion="4.0" xmlns="http://schemas.microsoft.com/developer/msbuild/2003">
  <ItemGroup>
    <Filter Include="Submodules">
      <UniqueIdentifier>{2820FA03-14D8-3B51-7DDF-14AD69B6D641}</UniqueIdentifier>
    </Filter>
    <Filter Include="Submodules\stb_image">
      <UniqueIdentifier>{C22259AE-AEB1-E277-57D0-F672433EF31D}</UniqueIdentifier>
    </Filter>
    <Filter Include="src">
      <UniqueIdentifier>{2DAB880B-99B4-887C-2230-9F7C8E38947C}</UniqueIdentifier>
    </Filter>
    <Filter Include="src\Components">
      <UniqueIdentifier>{221ADC4D-0EE8-CF53-F77B-407AE3E8ABB8}</UniqueIdentifier>
    </Filter>
    <Filter Include="src\ImGui">
      <UniqueIdentifier>{170E22B3-8378-D629-CCB6-87CF3860B47E}</UniqueIdentifier>
    </Filter>
    <Filter Include="src\Resources">
      <UniqueIdentifier>{D76C8757-432D-038E-0C68-4C0B78E7476A}</UniqueIdentifier>
    </Filter>
    <Filter Include="src\Shaders">
      <UniqueIdentifier>{06ADC7FB-7262-40F1-FB56-3AC8670B37F5}</UniqueIdentifier>
    </Filter>
  </ItemGroup>
  <ItemGroup>
    <ClInclude Include="..\Submodules\stb_image\stb_image.h">
      <Filter>Submodules\stb_image</Filter>
    </ClInclude>
    <ClInclude Include="src\Application.h">
      <Filter>src</Filter>
    </ClInclude>
    <ClInclude Include="src\Components\Camera.h">
      <Filter>src\Components</Filter>
    </ClInclude>
    <ClInclude Include="src\Components\CameraController.h">
      <Filter>src\Components</Filter>
    </ClInclude>
    <ClInclude Include="src\Components\Component.h">
      <Filter>src\Components</Filter>
    </ClInclude>
    <ClInclude Include="src\Components\Transform.h">
      <Filter>src\Components</Filter>
    </ClInclude>
    <ClInclude Include="src\FileSystem.h">
      <Filter>src</Filter>
    </ClInclude>
    <ClInclude Include="src\GameObject.h">
      <Filter>src</Filter>
    </ClInclude>
    <ClInclude Include="src\ImGui\imgui_impl_glfw.h">
      <Filter>src\ImGui</Filter>
    </ClInclude>
    <ClInclude Include="src\ImGui\imgui_impl_opengl3.h">
      <Filter>src\ImGui</Filter>
    </ClInclude>
    <ClInclude Include="src\ImGui\imgui_impl_opengl3_loader.h">
      <Filter>src\ImGui</Filter>
    </ClInclude>
    <ClInclude Include="src\Input.h">
      <Filter>src</Filter>
    </ClInclude>
    <ClInclude Include="src\Logger.h">
      <Filter>src</Filter>
    </ClInclude>
    <ClInclude Include="src\Shader.h">
      <Filter>src</Filter>
    </ClInclude>
    <ClInclude Include="src\Texture.h">
      <Filter>src</Filter>
    </ClInclude>
    <ClInclude Include="src\Window.h">
      <Filter>src</Filter>
    </ClInclude>
    <ClInclude Include="src\World.h">
      <Filter>src</Filter>
    </ClInclude>
    <ClInclude Include="src\Components\Light.h" />
  </ItemGroup>
  <ItemGroup>
    <ClCompile Include="src\Application.cpp">
      <Filter>src</Filter>
    </ClCompile>
    <ClCompile Include="src\Components\Camera.cpp">
      <Filter>src\Components</Filter>
    </ClCompile>
    <ClCompile Include="src\Components\CameraController.cpp">
      <Filter>src\Components</Filter>
    </ClCompile>
    <ClCompile Include="src\Components\Transform.cpp">
      <Filter>src\Components</Filter>
    </ClCompile>
    <ClCompile Include="src\FileSystem.cpp">
      <Filter>src</Filter>
    </ClCompile>
    <ClCompile Include="src\GameObject.cpp">
      <Filter>src</Filter>
    </ClCompile>
    <ClCompile Include="src\ImGui\imgui_impl_glfw.cpp">
      <Filter>src\ImGui</Filter>
    </ClCompile>
    <ClCompile Include="src\ImGui\imgui_impl_opengl3.cpp">
      <Filter>src\ImGui</Filter>
    </ClCompile>
    <ClCompile Include="src\Input.cpp">
      <Filter>src</Filter>
    </ClCompile>
    <ClCompile Include="src\Logger.cpp">
      <Filter>src</Filter>
    </ClCompile>
    <ClCompile Include="src\Shader.cpp">
      <Filter>src</Filter>
    </ClCompile>
    <ClCompile Include="src\Source.cpp">
      <Filter>src</Filter>
    </ClCompile>
    <ClCompile Include="src\Texture.cpp">
      <Filter>src</Filter>
    </ClCompile>
    <ClCompile Include="src\Window.cpp">
      <Filter>src</Filter>
    </ClCompile>
    <ClCompile Include="src\World.cpp">
      <Filter>src</Filter>
    </ClCompile>
    <ClCompile Include="src\Components\Light.cpp" />
  </ItemGroup>
  <ItemGroup>
    <Image Include="src\Resources\awesomeface.png">
      <Filter>src\Resources</Filter>
    </Image>
    <Image Include="src\Resources\pepe.png">
      <Filter>src\Resources</Filter>
    </Image>
  </ItemGroup>
  <ItemGroup>
    <None Include="src\Shaders\FragmentShader.frag">
      <Filter>src\Shaders</Filter>
    </None>
    <None Include="src\Shaders\LightFragmentShader.frag">
      <Filter>src\Shaders</Filter>
    </None>
    <None Include="src\Shaders\LightVertexShader.vert">
      <Filter>src\Shaders</Filter>
    </None>
    <None Include="src\Shaders\VertexShader.vert">
      <Filter>src\Shaders</Filter>
    </None>
  </ItemGroup>
</Project>